
Microsoft Visual Studio Solution File, Format Version 12.00
# Visual Studio 14
VisualStudioVersion = 14.0.24720.0
MinimumVisualStudioVersion = 10.0.40219.1
Project("{FAE04EC0-301F-11D3-BF4B-00C04F79EFBC}") = "Tehtava1", "Tehtava1\Tehtava1.csproj", "{BBFDB3F8-2232-4C51-A154-1DFFF2E75FE7}"
EndProject
Project("{FAE04EC0-301F-11D3-BF4B-00C04F79EFBC}") = "Tehtava3", "Tehtava3\Tehtava3.csproj", "{41920E3B-7079-4BD6-A2C6-8CA00D9DA052}"
EndProject
Project("{FAE04EC0-301F-11D3-BF4B-00C04F79EFBC}") = "Tehtava 04", "Tehtava 04\Tehtava 04.csproj", "{99ACCCDD-43DE-463D-94DF-621954D897B1}"
EndProject
Project("{FAE04EC0-301F-11D3-BF4B-00C04F79EFBC}") = "06a", "06a\06a.csproj", "{F9A14B91-D168-4D55-B990-B85132EF8218}"
EndProject
Project("{FAE04EC0-301F-11D3-BF4B-00C04F79EFBC}") = "Tehtava07", "Tehtava07\Tehtava07.csproj", "{CD3F328C-E8E9-4BC2-ACA7-1D8AD47A5638}"
EndProject
Project("{FAE04EC0-301F-11D3-BF4B-00C04F79EFBC}") = "Tehtava08", "Tehtava08\Tehtava08.csproj", "{EF9656C3-1B98-4502-8E00-5298A8E8972C}"
EndProject
Global
	GlobalSection(SolutionConfigurationPlatforms) = preSolution
		Debug|Any CPU = Debug|Any CPU
		Release|Any CPU = Release|Any CPU
	EndGlobalSection
	GlobalSection(ProjectConfigurationPlatforms) = postSolution
		{BBFDB3F8-2232-4C51-A154-1DFFF2E75FE7}.Debug|Any CPU.ActiveCfg = Debug|Any CPU
		{BBFDB3F8-2232-4C51-A154-1DFFF2E75FE7}.Debug|Any CPU.Build.0 = Debug|Any CPU
		{BBFDB3F8-2232-4C51-A154-1DFFF2E75FE7}.Release|Any CPU.ActiveCfg = Release|Any CPU
		{BBFDB3F8-2232-4C51-A154-1DFFF2E75FE7}.Release|Any CPU.Build.0 = Release|Any CPU
		{41920E3B-7079-4BD6-A2C6-8CA00D9DA052}.Debug|Any CPU.ActiveCfg = Debug|Any CPU
		{41920E3B-7079-4BD6-A2C6-8CA00D9DA052}.Debug|Any CPU.Build.0 = Debug|Any CPU
		{41920E3B-7079-4BD6-A2C6-8CA00D9DA052}.Release|Any CPU.ActiveCfg = Release|Any CPU
		{41920E3B-7079-4BD6-A2C6-8CA00D9DA052}.Release|Any CPU.Build.0 = Release|Any CPU
		{99ACCCDD-43DE-463D-94DF-621954D897B1}.Debug|Any CPU.ActiveCfg = Debug|Any CPU
		{99ACCCDD-43DE-463D-94DF-621954D897B1}.Debug|Any CPU.Build.0 = Debug|Any CPU
		{99ACCCDD-43DE-463D-94DF-621954D897B1}.Release|Any CPU.ActiveCfg = Release|Any CPU
		{99ACCCDD-43DE-463D-94DF-621954D897B1}.Release|Any CPU.Build.0 = Release|Any CPU
		{F9A14B91-D168-4D55-B990-B85132EF8218}.Debug|Any CPU.ActiveCfg = Debug|Any CPU
		{F9A14B91-D168-4D55-B990-B85132EF8218}.Debug|Any CPU.Build.0 = Debug|Any CPU
		{F9A14B91-D168-4D55-B990-B85132EF8218}.Release|Any CPU.ActiveCfg = Release|Any CPU
		{F9A14B91-D168-4D55-B990-B85132EF8218}.Release|Any CPU.Build.0 = Release|Any CPU
		{CD3F328C-E8E9-4BC2-ACA7-1D8AD47A5638}.Debug|Any CPU.ActiveCfg = Debug|Any CPU
		{CD3F328C-E8E9-4BC2-ACA7-1D8AD47A5638}.Debug|Any CPU.Build.0 = Debug|Any CPU
		{CD3F328C-E8E9-4BC2-ACA7-1D8AD47A5638}.Release|Any CPU.ActiveCfg = Release|Any CPU
		{CD3F328C-E8E9-4BC2-ACA7-1D8AD47A5638}.Release|Any CPU.Build.0 = Release|Any CPU
		{EF9656C3-1B98-4502-8E00-5298A8E8972C}.Debug|Any CPU.ActiveCfg = Debug|Any CPU
		{EF9656C3-1B98-4502-8E00-5298A8E8972C}.Debug|Any CPU.Build.0 = Debug|Any CPU
		{EF9656C3-1B98-4502-8E00-5298A8E8972C}.Release|Any CPU.ActiveCfg = Release|Any CPU
		{EF9656C3-1B98-4502-8E00-5298A8E8972C}.Release|Any CPU.Build.0 = Release|Any CPU
	EndGlobalSection
	GlobalSection(SolutionProperties) = preSolution
		HideSolutionNode = FALSE
	EndGlobalSection
EndGlobal
